
Microsoft Visual Studio Solution File, Format Version 12.00
# Visual Studio Version 16
VisualStudioVersion = 16.0.31911.196
MinimumVisualStudioVersion = 10.0.40219.1
Project("{9A19103F-16F7-4668-BE54-9A1E7A4F7556}") = "RangeTask", "RangeTask\RangeTask.csproj", "{79C4F32F-914E-4DA1-9F8C-0B0F88EAE11C}"
EndProject
Project("{9A19103F-16F7-4668-BE54-9A1E7A4F7556}") = "ShapesTask", "ShapesTask\ShapesTask.csproj", "{A6317730-1460-48DE-B2C8-FDBDE9C10E8F}"
EndProject
Project("{9A19103F-16F7-4668-BE54-9A1E7A4F7556}") = "VectorTask", "VectorTask\VectorTask.csproj", "{976D112C-EE18-4FA0-A719-1D4A04DBF70A}"
EndProject
Project("{9A19103F-16F7-4668-BE54-9A1E7A4F7556}") = "MatrixTask", "MatrixTask\MatrixTask.csproj", "{43F29EBF-B981-46B1-B8EA-86A5391BADA5}"
EndProject
Project("{9A19103F-16F7-4668-BE54-9A1E7A4F7556}") = "CsvToHtmlConverter", "CsvToHtmlConverter\CsvToHtmlConverter.csproj", "{212E4A92-DD09-43DC-A9E6-BD36D43D9D42}"
EndProject
Project("{9A19103F-16F7-4668-BE54-9A1E7A4F7556}") = "ArrayListHome", "ArrayListHome\ArrayListHome.csproj", "{B41BA0BF-A17F-4D44-8583-E9F10AAEBDE3}"
EndProject
Project("{9A19103F-16F7-4668-BE54-9A1E7A4F7556}") = "ListTask", "ListTask\ListTask.csproj", "{668B8F31-4DBE-42FD-A413-F7482697909A}"
EndProject
Project("{9A19103F-16F7-4668-BE54-9A1E7A4F7556}") = "ArrayListTask", "ArrayListTask\ArrayListTask.csproj", "{B9958E49-9BED-42AD-9F39-11595016E5CC}"
EndProject
Project("{9A19103F-16F7-4668-BE54-9A1E7A4F7556}") = "Lambdas", "Lambdas\Lambdas.csproj", "{2E4B36D0-A9E0-4B65-814A-5E06FC99477C}"
EndProject
Project("{FAE04EC0-301F-11D3-BF4B-00C04F79EFBC}") = "HashTableTask", "HashTableTask\HashTableTask.csproj", "{F5ED0CFB-E103-4F18-A02D-AE04A27EE120}"
EndProject
Global
	GlobalSection(SolutionConfigurationPlatforms) = preSolution
		Debug|Any CPU = Debug|Any CPU
		Release|Any CPU = Release|Any CPU
	EndGlobalSection
	GlobalSection(ProjectConfigurationPlatforms) = postSolution
		{79C4F32F-914E-4DA1-9F8C-0B0F88EAE11C}.Debug|Any CPU.ActiveCfg = Debug|Any CPU
		{79C4F32F-914E-4DA1-9F8C-0B0F88EAE11C}.Debug|Any CPU.Build.0 = Debug|Any CPU
		{79C4F32F-914E-4DA1-9F8C-0B0F88EAE11C}.Release|Any CPU.ActiveCfg = Release|Any CPU
		{79C4F32F-914E-4DA1-9F8C-0B0F88EAE11C}.Release|Any CPU.Build.0 = Release|Any CPU
		{A6317730-1460-48DE-B2C8-FDBDE9C10E8F}.Debug|Any CPU.ActiveCfg = Debug|Any CPU
		{A6317730-1460-48DE-B2C8-FDBDE9C10E8F}.Debug|Any CPU.Build.0 = Debug|Any CPU
		{A6317730-1460-48DE-B2C8-FDBDE9C10E8F}.Release|Any CPU.ActiveCfg = Release|Any CPU
		{A6317730-1460-48DE-B2C8-FDBDE9C10E8F}.Release|Any CPU.Build.0 = Release|Any CPU
		{976D112C-EE18-4FA0-A719-1D4A04DBF70A}.Debug|Any CPU.ActiveCfg = Debug|Any CPU
		{976D112C-EE18-4FA0-A719-1D4A04DBF70A}.Debug|Any CPU.Build.0 = Debug|Any CPU
		{976D112C-EE18-4FA0-A719-1D4A04DBF70A}.Release|Any CPU.ActiveCfg = Release|Any CPU
		{976D112C-EE18-4FA0-A719-1D4A04DBF70A}.Release|Any CPU.Build.0 = Release|Any CPU
		{43F29EBF-B981-46B1-B8EA-86A5391BADA5}.Debug|Any CPU.ActiveCfg = Debug|Any CPU
		{43F29EBF-B981-46B1-B8EA-86A5391BADA5}.Debug|Any CPU.Build.0 = Debug|Any CPU
		{43F29EBF-B981-46B1-B8EA-86A5391BADA5}.Release|Any CPU.ActiveCfg = Release|Any CPU
		{43F29EBF-B981-46B1-B8EA-86A5391BADA5}.Release|Any CPU.Build.0 = Release|Any CPU
		{212E4A92-DD09-43DC-A9E6-BD36D43D9D42}.Debug|Any CPU.ActiveCfg = Debug|Any CPU
		{212E4A92-DD09-43DC-A9E6-BD36D43D9D42}.Debug|Any CPU.Build.0 = Debug|Any CPU
		{212E4A92-DD09-43DC-A9E6-BD36D43D9D42}.Release|Any CPU.ActiveCfg = Release|Any CPU
		{212E4A92-DD09-43DC-A9E6-BD36D43D9D42}.Release|Any CPU.Build.0 = Release|Any CPU
		{B41BA0BF-A17F-4D44-8583-E9F10AAEBDE3}.Debug|Any CPU.ActiveCfg = Debug|Any CPU
		{B41BA0BF-A17F-4D44-8583-E9F10AAEBDE3}.Debug|Any CPU.Build.0 = Debug|Any CPU
		{B41BA0BF-A17F-4D44-8583-E9F10AAEBDE3}.Release|Any CPU.ActiveCfg = Release|Any CPU
		{B41BA0BF-A17F-4D44-8583-E9F10AAEBDE3}.Release|Any CPU.Build.0 = Release|Any CPU
		{668B8F31-4DBE-42FD-A413-F7482697909A}.Debug|Any CPU.ActiveCfg = Debug|Any CPU
		{668B8F31-4DBE-42FD-A413-F7482697909A}.Debug|Any CPU.Build.0 = Debug|Any CPU
		{668B8F31-4DBE-42FD-A413-F7482697909A}.Release|Any CPU.ActiveCfg = Release|Any CPU
		{668B8F31-4DBE-42FD-A413-F7482697909A}.Release|Any CPU.Build.0 = Release|Any CPU
		{B9958E49-9BED-42AD-9F39-11595016E5CC}.Debug|Any CPU.ActiveCfg = Debug|Any CPU
		{B9958E49-9BED-42AD-9F39-11595016E5CC}.Debug|Any CPU.Build.0 = Debug|Any CPU
		{B9958E49-9BED-42AD-9F39-11595016E5CC}.Release|Any CPU.ActiveCfg = Release|Any CPU
		{B9958E49-9BED-42AD-9F39-11595016E5CC}.Release|Any CPU.Build.0 = Release|Any CPU
		{2E4B36D0-A9E0-4B65-814A-5E06FC99477C}.Debug|Any CPU.ActiveCfg = Debug|Any CPU
		{2E4B36D0-A9E0-4B65-814A-5E06FC99477C}.Debug|Any CPU.Build.0 = Debug|Any CPU
		{2E4B36D0-A9E0-4B65-814A-5E06FC99477C}.Release|Any CPU.ActiveCfg = Release|Any CPU
		{2E4B36D0-A9E0-4B65-814A-5E06FC99477C}.Release|Any CPU.Build.0 = Release|Any CPU
		{F5ED0CFB-E103-4F18-A02D-AE04A27EE120}.Debug|Any CPU.ActiveCfg = Debug|Any CPU
		{F5ED0CFB-E103-4F18-A02D-AE04A27EE120}.Debug|Any CPU.Build.0 = Debug|Any CPU
		{F5ED0CFB-E103-4F18-A02D-AE04A27EE120}.Release|Any CPU.ActiveCfg = Release|Any CPU
		{F5ED0CFB-E103-4F18-A02D-AE04A27EE120}.Release|Any CPU.Build.0 = Release|Any CPU
	EndGlobalSection
	GlobalSection(SolutionProperties) = preSolution
		HideSolutionNode = FALSE
	EndGlobalSection
	GlobalSection(ExtensibilityGlobals) = postSolution
		SolutionGuid = {88ECF265-B6F7-4674-9B6D-943DC3A2DFF2}
	EndGlobalSection
EndGlobal
