
Microsoft Visual Studio Solution File, Format Version 12.00
# Visual Studio Version 16
VisualStudioVersion = 16.0.31911.196
MinimumVisualStudioVersion = 10.0.40219.1
Project("{FAE04EC0-301F-11D3-BF4B-00C04F79EFBC}") = "RangeTask", "RangeTask\RangeTask.csproj", "{79C4F32F-914E-4DA1-9F8C-0B0F88EAE11C}"
EndProject
Global
	GlobalSection(SolutionConfigurationPlatforms) = preSolution
		Debug|Any CPU = Debug|Any CPU
		Release|Any CPU = Release|Any CPU
	EndGlobalSection
	GlobalSection(ProjectConfigurationPlatforms) = postSolution
		{79C4F32F-914E-4DA1-9F8C-0B0F88EAE11C}.Debug|Any CPU.ActiveCfg = Debug|Any CPU
		{79C4F32F-914E-4DA1-9F8C-0B0F88EAE11C}.Debug|Any CPU.Build.0 = Debug|Any CPU
		{79C4F32F-914E-4DA1-9F8C-0B0F88EAE11C}.Release|Any CPU.ActiveCfg = Release|Any CPU
		{79C4F32F-914E-4DA1-9F8C-0B0F88EAE11C}.Release|Any CPU.Build.0 = Release|Any CPU
	EndGlobalSection
	GlobalSection(SolutionProperties) = preSolution
		HideSolutionNode = FALSE
	EndGlobalSection
	GlobalSection(ExtensibilityGlobals) = postSolution
		SolutionGuid = {88ECF265-B6F7-4674-9B6D-943DC3A2DFF2}
	EndGlobalSection
EndGlobal
